
Microsoft Visual Studio Solution File, Format Version 12.00
# Visual Studio Version 16
VisualStudioVersion = 16.0.29102.190
MinimumVisualStudioVersion = 10.0.40219.1
Project("{FAE04EC0-301F-11D3-BF4B-00C04F79EFBC}") = "Guessing Game 2", "Guessing Game 2\Guessing Game 2.csproj", "{753F5AF0-93AB-4E5D-9632-36D67B99A70B}"
EndProject
Global
	GlobalSection(SolutionConfigurationPlatforms) = preSolution
		Debug|Any CPU = Debug|Any CPU
		Release|Any CPU = Release|Any CPU
	EndGlobalSection
	GlobalSection(ProjectConfigurationPlatforms) = postSolution
		{753F5AF0-93AB-4E5D-9632-36D67B99A70B}.Debug|Any CPU.ActiveCfg = Debug|Any CPU
		{753F5AF0-93AB-4E5D-9632-36D67B99A70B}.Debug|Any CPU.Build.0 = Debug|Any CPU
		{753F5AF0-93AB-4E5D-9632-36D67B99A70B}.Release|Any CPU.ActiveCfg = Release|Any CPU
		{753F5AF0-93AB-4E5D-9632-36D67B99A70B}.Release|Any CPU.Build.0 = Release|Any CPU
	EndGlobalSection
	GlobalSection(SolutionProperties) = preSolution
		HideSolutionNode = FALSE
	EndGlobalSection
	GlobalSection(ExtensibilityGlobals) = postSolution
		SolutionGuid = {D73C94BB-E18B-4ECE-966B-0DFA9A83A8E5}
	EndGlobalSection
EndGlobal
