
Microsoft Visual Studio Solution File, Format Version 12.00
# Visual Studio Version 16
VisualStudioVersion = 16.0.29102.190
MinimumVisualStudioVersion = 10.0.40219.1
Project("{9A19103F-16F7-4668-BE54-9A1E7A4F7556}") = "Guessing Game", "Guessing Game\Guessing Game.csproj", "{4D7D2023-4E06-4137-BC5C-F9C389493B02}"
EndProject
Project("{FAE04EC0-301F-11D3-BF4B-00C04F79EFBC}") = "ASCII display", "ASCII display\ASCII display.csproj", "{443036A3-A1B6-4866-87D7-7942B53DFE23}"
EndProject
Project("{FAE04EC0-301F-11D3-BF4B-00C04F79EFBC}") = "Compound Interest", "Compound Interest\Compound Interest.csproj", "{3B5331F3-9DE5-4079-9097-059320D899F2}"
EndProject
Project("{FAE04EC0-301F-11D3-BF4B-00C04F79EFBC}") = "Power2", "Power2\Power2.csproj", "{9B6535F3-5E57-4AC7-88A5-8BAE0D4B50CA}"
EndProject
Project("{FAE04EC0-301F-11D3-BF4B-00C04F79EFBC}") = "Cream", "Cream\Cream.csproj", "{FD46AB61-3858-4F32-91EF-D1D9CE14ADC8}"
EndProject
Global
	GlobalSection(SolutionConfigurationPlatforms) = preSolution
		Debug|Any CPU = Debug|Any CPU
		Release|Any CPU = Release|Any CPU
	EndGlobalSection
	GlobalSection(ProjectConfigurationPlatforms) = postSolution
		{4D7D2023-4E06-4137-BC5C-F9C389493B02}.Debug|Any CPU.ActiveCfg = Debug|Any CPU
		{4D7D2023-4E06-4137-BC5C-F9C389493B02}.Debug|Any CPU.Build.0 = Debug|Any CPU
		{4D7D2023-4E06-4137-BC5C-F9C389493B02}.Release|Any CPU.ActiveCfg = Release|Any CPU
		{4D7D2023-4E06-4137-BC5C-F9C389493B02}.Release|Any CPU.Build.0 = Release|Any CPU
		{443036A3-A1B6-4866-87D7-7942B53DFE23}.Debug|Any CPU.ActiveCfg = Debug|Any CPU
		{443036A3-A1B6-4866-87D7-7942B53DFE23}.Debug|Any CPU.Build.0 = Debug|Any CPU
		{443036A3-A1B6-4866-87D7-7942B53DFE23}.Release|Any CPU.ActiveCfg = Release|Any CPU
		{443036A3-A1B6-4866-87D7-7942B53DFE23}.Release|Any CPU.Build.0 = Release|Any CPU
		{3B5331F3-9DE5-4079-9097-059320D899F2}.Debug|Any CPU.ActiveCfg = Debug|Any CPU
		{3B5331F3-9DE5-4079-9097-059320D899F2}.Debug|Any CPU.Build.0 = Debug|Any CPU
		{3B5331F3-9DE5-4079-9097-059320D899F2}.Release|Any CPU.ActiveCfg = Release|Any CPU
		{3B5331F3-9DE5-4079-9097-059320D899F2}.Release|Any CPU.Build.0 = Release|Any CPU
		{9B6535F3-5E57-4AC7-88A5-8BAE0D4B50CA}.Debug|Any CPU.ActiveCfg = Debug|Any CPU
		{9B6535F3-5E57-4AC7-88A5-8BAE0D4B50CA}.Debug|Any CPU.Build.0 = Debug|Any CPU
		{9B6535F3-5E57-4AC7-88A5-8BAE0D4B50CA}.Release|Any CPU.ActiveCfg = Release|Any CPU
		{9B6535F3-5E57-4AC7-88A5-8BAE0D4B50CA}.Release|Any CPU.Build.0 = Release|Any CPU
		{FD46AB61-3858-4F32-91EF-D1D9CE14ADC8}.Debug|Any CPU.ActiveCfg = Debug|Any CPU
		{FD46AB61-3858-4F32-91EF-D1D9CE14ADC8}.Debug|Any CPU.Build.0 = Debug|Any CPU
		{FD46AB61-3858-4F32-91EF-D1D9CE14ADC8}.Release|Any CPU.ActiveCfg = Release|Any CPU
		{FD46AB61-3858-4F32-91EF-D1D9CE14ADC8}.Release|Any CPU.Build.0 = Release|Any CPU
	EndGlobalSection
	GlobalSection(SolutionProperties) = preSolution
		HideSolutionNode = FALSE
	EndGlobalSection
	GlobalSection(ExtensibilityGlobals) = postSolution
		SolutionGuid = {343E2928-A702-48B0-8C95-56081F492C33}
	EndGlobalSection
EndGlobal
