
Microsoft Visual Studio Solution File, Format Version 12.00
# Visual Studio Version 16
VisualStudioVersion = 16.0.29519.181
MinimumVisualStudioVersion = 10.0.40219.1
Project("{9A19103F-16F7-4668-BE54-9A1E7A4F7556}") = "BaccaratGame", "BaccaratGame\BaccaratGame.csproj", "{2A8E378F-8AA1-4DA2-A2AD-4ED6EDE8108E}"
EndProject
Project("{FAE04EC0-301F-11D3-BF4B-00C04F79EFBC}") = "UnitTestProject1 Bac", "UnitTestProject1 Bac\UnitTestProject1 Bac.csproj", "{AE72CAC5-D03E-446B-872F-799B74CA0E38}"
EndProject
Global
	GlobalSection(SolutionConfigurationPlatforms) = preSolution
		Debug|Any CPU = Debug|Any CPU
		Release|Any CPU = Release|Any CPU
	EndGlobalSection
	GlobalSection(ProjectConfigurationPlatforms) = postSolution
		{2A8E378F-8AA1-4DA2-A2AD-4ED6EDE8108E}.Debug|Any CPU.ActiveCfg = Debug|Any CPU
		{2A8E378F-8AA1-4DA2-A2AD-4ED6EDE8108E}.Debug|Any CPU.Build.0 = Debug|Any CPU
		{2A8E378F-8AA1-4DA2-A2AD-4ED6EDE8108E}.Release|Any CPU.ActiveCfg = Release|Any CPU
		{2A8E378F-8AA1-4DA2-A2AD-4ED6EDE8108E}.Release|Any CPU.Build.0 = Release|Any CPU
		{AE72CAC5-D03E-446B-872F-799B74CA0E38}.Debug|Any CPU.ActiveCfg = Debug|Any CPU
		{AE72CAC5-D03E-446B-872F-799B74CA0E38}.Debug|Any CPU.Build.0 = Debug|Any CPU
		{AE72CAC5-D03E-446B-872F-799B74CA0E38}.Release|Any CPU.ActiveCfg = Release|Any CPU
		{AE72CAC5-D03E-446B-872F-799B74CA0E38}.Release|Any CPU.Build.0 = Release|Any CPU
	EndGlobalSection
	GlobalSection(SolutionProperties) = preSolution
		HideSolutionNode = FALSE
	EndGlobalSection
	GlobalSection(ExtensibilityGlobals) = postSolution
		SolutionGuid = {CD71E231-1FEC-4A18-B993-72923F795533}
	EndGlobalSection
EndGlobal
