
Microsoft Visual Studio Solution File, Format Version 12.00
# Visual Studio Version 16
VisualStudioVersion = 16.0.29102.190
MinimumVisualStudioVersion = 10.0.40219.1
Project("{FAE04EC0-301F-11D3-BF4B-00C04F79EFBC}") = "Error Checking", "Error Checking\Error Checking.csproj", "{0FC98CDF-9DAC-405A-987E-BBA899192023}"
EndProject
Global
	GlobalSection(SolutionConfigurationPlatforms) = preSolution
		Debug|Any CPU = Debug|Any CPU
		Release|Any CPU = Release|Any CPU
	EndGlobalSection
	GlobalSection(ProjectConfigurationPlatforms) = postSolution
		{0FC98CDF-9DAC-405A-987E-BBA899192023}.Debug|Any CPU.ActiveCfg = Debug|Any CPU
		{0FC98CDF-9DAC-405A-987E-BBA899192023}.Debug|Any CPU.Build.0 = Debug|Any CPU
		{0FC98CDF-9DAC-405A-987E-BBA899192023}.Release|Any CPU.ActiveCfg = Release|Any CPU
		{0FC98CDF-9DAC-405A-987E-BBA899192023}.Release|Any CPU.Build.0 = Release|Any CPU
	EndGlobalSection
	GlobalSection(SolutionProperties) = preSolution
		HideSolutionNode = FALSE
	EndGlobalSection
	GlobalSection(ExtensibilityGlobals) = postSolution
		SolutionGuid = {2752CEB0-F9E9-4855-A3FD-64803E4328FA}
	EndGlobalSection
EndGlobal
